{
  "name": "@beetpx/create-beetpx-game",
  "version": "0.3.0",
  "lockfileVersion": 3,
  "requires": true,
  "packages": {
    "": {
      "name": "@beetpx/create-beetpx-game",
      "version": "0.3.0",
      "license": "MIT",
      "bin": {
        "create-beetpx-game": "init-game.js"
      },
      "engines": {
        "node": ">=22.0.0"
      }
    }
  }
}
