{
  "name": "beetpx-example-simple",
  "version": "0.0.0",
  "lockfileVersion": 3,
  "requires": true,
  "packages": {
    "": {
      "name": "beetpx-example-simple",
      "version": "0.0.0",
      "license": "MIT",
      "devDependencies": {
        "beetpx": "file:../../",
        "typescript": "5.1.6"
      }
    },
    "../..": {
      "version": "0.5.0",
      "dev": true,
      "license": "MIT",
      "dependencies": {
        "cross-zip": "4.0.0",
        "jquery": "3.7.0",
        "vite": "4.4.6",
        "yargs": "17.7.2"
      },
      "bin": {
        "beetpx": "cli/beetpx-cli.js"
      },
      "devDependencies": {
        "@jest/globals": "29.6.1",
        "husky": "8.0.3",
        "prettier": "3.0.0",
        "prettier-plugin-organize-imports": "3.2.3",
        "rimraf": "5.0.1",
        "ts-jest": "29.1.1",
        "typescript": "5.1.6"
      }
    },
    "node_modules/beetpx": {
      "resolved": "../..",
      "link": true
    },
    "node_modules/typescript": {
      "version": "5.1.6",
      "resolved": "https://registry.npmjs.org/typescript/-/typescript-5.1.6.tgz",
      "integrity": "sha512-zaWCozRZ6DLEWAWFrVDz1H6FVXzUSfTy5FUMWsQlU8Ym5JP9eO4xkTIROFCQvhQf61z6O/G6ugw3SgAnvvm+HA==",
      "dev": true,
      "bin": {
        "tsc": "bin/tsc",
        "tsserver": "bin/tsserver"
      },
      "engines": {
        "node": ">=14.17"
      }
    }
  }
}
